
Microsoft Visual Studio Solution File, Format Version 12.00
# Visual Studio 15
VisualStudioVersion = 15.0.28307.779
MinimumVisualStudioVersion = 10.0.40219.1
Project("{FAE04EC0-301F-11D3-BF4B-00C04F79EFBC}") = "kiemtrakethucmon", "kiemtrakethucmon\kiemtrakethucmon.csproj", "{69CA969B-9EDF-4D9A-84F2-C58F260FF13D}"
EndProject
Global
	GlobalSection(SolutionConfigurationPlatforms) = preSolution
		Debug|Any CPU = Debug|Any CPU
		Release|Any CPU = Release|Any CPU
	EndGlobalSection
	GlobalSection(ProjectConfigurationPlatforms) = postSolution
		{69CA969B-9EDF-4D9A-84F2-C58F260FF13D}.Debug|Any CPU.ActiveCfg = Debug|Any CPU
		{69CA969B-9EDF-4D9A-84F2-C58F260FF13D}.Debug|Any CPU.Build.0 = Debug|Any CPU
		{69CA969B-9EDF-4D9A-84F2-C58F260FF13D}.Release|Any CPU.ActiveCfg = Release|Any CPU
		{69CA969B-9EDF-4D9A-84F2-C58F260FF13D}.Release|Any CPU.Build.0 = Release|Any CPU
	EndGlobalSection
	GlobalSection(SolutionProperties) = preSolution
		HideSolutionNode = FALSE
	EndGlobalSection
	GlobalSection(ExtensibilityGlobals) = postSolution
		SolutionGuid = {5DC6011F-11A0-4A51-9605-987A9D0BE5B9}
	EndGlobalSection
EndGlobal
